
Microsoft Visual Studio Solution File, Format Version 12.00
# Visual Studio 15
VisualStudioVersion = 15.0.28307.271
MinimumVisualStudioVersion = 10.0.40219.1
Project("{FAE04EC0-301F-11D3-BF4B-00C04F79EFBC}") = "Mathservice1", "Mathservice1\Mathservice1.csproj", "{7B38016C-77BA-4516-B1DF-F52F5BC8A99F}"
EndProject
Global
	GlobalSection(SolutionConfigurationPlatforms) = preSolution
		Debug|Any CPU = Debug|Any CPU
		Release|Any CPU = Release|Any CPU
	EndGlobalSection
	GlobalSection(ProjectConfigurationPlatforms) = postSolution
		{7B38016C-77BA-4516-B1DF-F52F5BC8A99F}.Debug|Any CPU.ActiveCfg = Debug|Any CPU
		{7B38016C-77BA-4516-B1DF-F52F5BC8A99F}.Debug|Any CPU.Build.0 = Debug|Any CPU
		{7B38016C-77BA-4516-B1DF-F52F5BC8A99F}.Release|Any CPU.ActiveCfg = Release|Any CPU
		{7B38016C-77BA-4516-B1DF-F52F5BC8A99F}.Release|Any CPU.Build.0 = Release|Any CPU
	EndGlobalSection
	GlobalSection(SolutionProperties) = preSolution
		HideSolutionNode = FALSE
	EndGlobalSection
	GlobalSection(ExtensibilityGlobals) = postSolution
		SolutionGuid = {FA665C92-CCAE-4A24-81A3-55F81FFC05D4}
	EndGlobalSection
EndGlobal
